
Microsoft Visual Studio Solution File, Format Version 12.00
# Visual Studio Version 16
VisualStudioVersion = 16.0.29926.136
MinimumVisualStudioVersion = 10.0.40219.1
Project("{FAE04EC0-301F-11D3-BF4B-00C04F79EFBC}") = "Learning", "Learning\Learning.csproj", "{D31D686E-4A6D-483B-BCF6-962207D002AA}"
EndProject
Global
	GlobalSection(SolutionConfigurationPlatforms) = preSolution
		Debug|Any CPU = Debug|Any CPU
		Release|Any CPU = Release|Any CPU
	EndGlobalSection
	GlobalSection(ProjectConfigurationPlatforms) = postSolution
		{D31D686E-4A6D-483B-BCF6-962207D002AA}.Debug|Any CPU.ActiveCfg = Debug|Any CPU
		{D31D686E-4A6D-483B-BCF6-962207D002AA}.Debug|Any CPU.Build.0 = Debug|Any CPU
		{D31D686E-4A6D-483B-BCF6-962207D002AA}.Release|Any CPU.ActiveCfg = Release|Any CPU
		{D31D686E-4A6D-483B-BCF6-962207D002AA}.Release|Any CPU.Build.0 = Release|Any CPU
	EndGlobalSection
	GlobalSection(SolutionProperties) = preSolution
		HideSolutionNode = FALSE
	EndGlobalSection
	GlobalSection(ExtensibilityGlobals) = postSolution
		SolutionGuid = {4AE19967-D131-4568-856E-01643155D98A}
	EndGlobalSection
EndGlobal
